
Microsoft Visual Studio Solution File, Format Version 12.00
# Visual Studio Version 17
VisualStudioVersion = 17.2.32526.322
MinimumVisualStudioVersion = 10.0.40219.1
Project("{FAE04EC0-301F-11D3-BF4B-00C04F79EFBC}") = "OnTap_QLMonAn_New", "OnTap_QLMonAn_New.csproj", "{42CD3C0E-58A5-4D55-844F-E19870F55EE8}"
EndProject
Global
	GlobalSection(SolutionConfigurationPlatforms) = preSolution
		Debug|Any CPU = Debug|Any CPU
		Release|Any CPU = Release|Any CPU
	EndGlobalSection
	GlobalSection(ProjectConfigurationPlatforms) = postSolution
		{42CD3C0E-58A5-4D55-844F-E19870F55EE8}.Debug|Any CPU.ActiveCfg = Debug|Any CPU
		{42CD3C0E-58A5-4D55-844F-E19870F55EE8}.Debug|Any CPU.Build.0 = Debug|Any CPU
		{42CD3C0E-58A5-4D55-844F-E19870F55EE8}.Release|Any CPU.ActiveCfg = Release|Any CPU
		{42CD3C0E-58A5-4D55-844F-E19870F55EE8}.Release|Any CPU.Build.0 = Release|Any CPU
	EndGlobalSection
	GlobalSection(SolutionProperties) = preSolution
		HideSolutionNode = FALSE
	EndGlobalSection
	GlobalSection(ExtensibilityGlobals) = postSolution
		SolutionGuid = {EB27F0BC-2E7B-4011-B291-F017881A33B3}
	EndGlobalSection
EndGlobal
